// !$*UTF8*$!
{
	archiveVersion = 1;
	classes = {
	};
	objectVersion = 77;
	objects = {

/* Begin PBXBuildFile section */
		16F9AC78F685F11C91A31369 /* ExportSheet.swift in Sources */ = {isa = PBXBuildFile; fileRef = BF5D10603D8C4CBCEBF63691 /* ExportSheet.swift */; };
		170942BEC19C7093EBEA2F63 /* ImageProcessor.swift in Sources */ = {isa = PBXBuildFile; fileRef = A09E65B08B3DB5530D416B59 /* ImageProcessor.swift */; };
		1B549F5BAEF2A701E1947D8D /* DefaultBackground.png in Resources */ = {isa = PBXBuildFile; fileRef = 9D18F070EDD3795562BD0ADC /* DefaultBackground.png */; };
		22F331DA021385FF381B6BEA /* EditorView.swift in Sources */ = {isa = PBXBuildFile; fileRef = 7A86EE5462E82319D323AF1C /* EditorView.swift */; };
		2CC00BB877BB10A664982FB7 /* ModelManager.swift in Sources */ = {isa = PBXBuildFile; fileRef = 355D09CA2450C106801EAD77 /* ModelManager.swift */; };
		58C7C65381A278B69B016DDB /* MainWindow.swift in Sources */ = {isa = PBXBuildFile; fileRef = 877D5A42F98746FCC7A61452 /* MainWindow.swift */; };
		605465E10F824BC86E259CC6 /* ImportFlow.swift in Sources */ = {isa = PBXBuildFile; fileRef = B313E53EBD6AC732524D4690 /* ImportFlow.swift */; };
		6B544FC0626AD4CC467ECC79 /* ImageAdjustments.swift in Sources */ = {isa = PBXBuildFile; fileRef = 8024D84C778A83045FEA287D /* ImageAdjustments.swift */; };
		89C89D347949E200275051E3 /* BackgroundPreset.swift in Sources */ = {isa = PBXBuildFile; fileRef = BBCB0455D6E65138F7848400 /* BackgroundPreset.swift */; };
		93DE69BFD660664855889F69 /* Portrait.swift in Sources */ = {isa = PBXBuildFile; fileRef = A781DB69220F07CD4C7450BC /* Portrait.swift */; };
		9CDEBB9401C040885B7B35B8 /* ExportService.swift in Sources */ = {isa = PBXBuildFile; fileRef = A67F34619015B892E51F8BA0 /* ExportService.swift */; };
		A6AB056EC5348AFDA387F49E /* LibraryView.swift in Sources */ = {isa = PBXBuildFile; fileRef = 48EF633AE84A1D2EF9412998 /* LibraryView.swift */; };
		AEB460C0337997C6FA65993A /* BulkAligner.swift in Sources */ = {isa = PBXBuildFile; fileRef = 81C29944A4F31F74C9CD6F54 /* BulkAligner.swift */; };
		B03C58275150A57C7CAE9B41 /* AppState.swift in Sources */ = {isa = PBXBuildFile; fileRef = 5127F7FAC6DD92487E178E76 /* AppState.swift */; };
		B7BE94756631FED1390881A5 /* AutoAligner.swift in Sources */ = {isa = PBXBuildFile; fileRef = EECE2EA74BCD5AA894A3864C /* AutoAligner.swift */; };
		B7EDC4EF58F5F0EDBAE8E873 /* ImportDropZone.swift in Sources */ = {isa = PBXBuildFile; fileRef = F2B1C3A5D25B8EA4299A5A39 /* ImportDropZone.swift */; };
		BCB144F53A50F7E154817D1C /* Sparkle in Frameworks */ = {isa = PBXBuildFile; productRef = 24422B485569134EE9164799 /* Sparkle */; };
		C944B1F772FD3DFE3305D6C8 /* SettingsView.swift in Sources */ = {isa = PBXBuildFile; fileRef = EC7660BC4B678CC5A24BDEB7 /* SettingsView.swift */; };
		CCDA297FDC7DB266C5C99205 /* AvatarApp.swift in Sources */ = {isa = PBXBuildFile; fileRef = C61EA8ABE1B5D7EDE1478FCF /* AvatarApp.swift */; };
		D43723746F3532F825382CAB /* Localization.swift in Sources */ = {isa = PBXBuildFile; fileRef = 349CA2BF8E0D0316D4C6EC9F /* Localization.swift */; };
		D4851113A8AB34D81F2CE4EE /* SeedData.swift in Sources */ = {isa = PBXBuildFile; fileRef = FA1FE0D21D63DDB8E786DDDF /* SeedData.swift */; };
		DCD584C8769017840D8AC9CB /* Assets.xcassets in Resources */ = {isa = PBXBuildFile; fileRef = 68ED8B66E0CC1A6CA182DCCB /* Assets.xcassets */; };
		E8AF2A53C52B50C4453C65B2 /* Compositor.swift in Sources */ = {isa = PBXBuildFile; fileRef = CBFBA66AF626E08F10F1333C /* Compositor.swift */; };
		EAA5F4DF5638ED9457ED418F /* UpdateManager.swift in Sources */ = {isa = PBXBuildFile; fileRef = EA293E7F1CF952594B0EB25E /* UpdateManager.swift */; };
		EBE90C07C35BAA7F586C5E6D /* PortraitUndoManager.swift in Sources */ = {isa = PBXBuildFile; fileRef = 7194822E14F9864C38869D98 /* PortraitUndoManager.swift */; };
		EDCEBBF69658512E9483D13B /* SidebarUpdateCard.swift in Sources */ = {isa = PBXBuildFile; fileRef = 33D997F6414EDD2CF3ED01B3 /* SidebarUpdateCard.swift */; };
		F0D56262FE85216D1648099E /* ExportPreset.swift in Sources */ = {isa = PBXBuildFile; fileRef = 97E1236EB27F5CE8A83B67DF /* ExportPreset.swift */; };
/* End PBXBuildFile section */

/* Begin PBXFileReference section */
		33D997F6414EDD2CF3ED01B3 /* SidebarUpdateCard.swift */ = {isa = PBXFileReference; lastKnownFileType = sourcecode.swift; path = SidebarUpdateCard.swift; sourceTree = "<group>"; };
		349CA2BF8E0D0316D4C6EC9F /* Localization.swift */ = {isa = PBXFileReference; lastKnownFileType = sourcecode.swift; path = Localization.swift; sourceTree = "<group>"; };
		355D09CA2450C106801EAD77 /* ModelManager.swift */ = {isa = PBXFileReference; lastKnownFileType = sourcecode.swift; path = ModelManager.swift; sourceTree = "<group>"; };
		48EF633AE84A1D2EF9412998 /* LibraryView.swift */ = {isa = PBXFileReference; lastKnownFileType = sourcecode.swift; path = LibraryView.swift; sourceTree = "<group>"; };
		5127F7FAC6DD92487E178E76 /* AppState.swift */ = {isa = PBXFileReference; lastKnownFileType = sourcecode.swift; path = AppState.swift; sourceTree = "<group>"; };
		68ED8B66E0CC1A6CA182DCCB /* Assets.xcassets */ = {isa = PBXFileReference; lastKnownFileType = folder.assetcatalog; path = Assets.xcassets; sourceTree = "<group>"; };
		7194822E14F9864C38869D98 /* PortraitUndoManager.swift */ = {isa = PBXFileReference; lastKnownFileType = sourcecode.swift; path = PortraitUndoManager.swift; sourceTree = "<group>"; };
		7A86EE5462E82319D323AF1C /* EditorView.swift */ = {isa = PBXFileReference; lastKnownFileType = sourcecode.swift; path = EditorView.swift; sourceTree = "<group>"; };
		8024D84C778A83045FEA287D /* ImageAdjustments.swift */ = {isa = PBXFileReference; lastKnownFileType = sourcecode.swift; path = ImageAdjustments.swift; sourceTree = "<group>"; };
		81C29944A4F31F74C9CD6F54 /* BulkAligner.swift */ = {isa = PBXFileReference; lastKnownFileType = sourcecode.swift; path = BulkAligner.swift; sourceTree = "<group>"; };
		877D5A42F98746FCC7A61452 /* MainWindow.swift */ = {isa = PBXFileReference; lastKnownFileType = sourcecode.swift; path = MainWindow.swift; sourceTree = "<group>"; };
		97E1236EB27F5CE8A83B67DF /* ExportPreset.swift */ = {isa = PBXFileReference; lastKnownFileType = sourcecode.swift; path = ExportPreset.swift; sourceTree = "<group>"; };
		9D18F070EDD3795562BD0ADC /* DefaultBackground.png */ = {isa = PBXFileReference; lastKnownFileType = image.png; path = DefaultBackground.png; sourceTree = "<group>"; };
		A09E65B08B3DB5530D416B59 /* ImageProcessor.swift */ = {isa = PBXFileReference; lastKnownFileType = sourcecode.swift; path = ImageProcessor.swift; sourceTree = "<group>"; };
		A67F34619015B892E51F8BA0 /* ExportService.swift */ = {isa = PBXFileReference; lastKnownFileType = sourcecode.swift; path = ExportService.swift; sourceTree = "<group>"; };
		A781DB69220F07CD4C7450BC /* Portrait.swift */ = {isa = PBXFileReference; lastKnownFileType = sourcecode.swift; path = Portrait.swift; sourceTree = "<group>"; };
		B313E53EBD6AC732524D4690 /* ImportFlow.swift */ = {isa = PBXFileReference; lastKnownFileType = sourcecode.swift; path = ImportFlow.swift; sourceTree = "<group>"; };
		BBCB0455D6E65138F7848400 /* BackgroundPreset.swift */ = {isa = PBXFileReference; lastKnownFileType = sourcecode.swift; path = BackgroundPreset.swift; sourceTree = "<group>"; };
		BF5D10603D8C4CBCEBF63691 /* ExportSheet.swift */ = {isa = PBXFileReference; lastKnownFileType = sourcecode.swift; path = ExportSheet.swift; sourceTree = "<group>"; };
		C61EA8ABE1B5D7EDE1478FCF /* AvatarApp.swift */ = {isa = PBXFileReference; lastKnownFileType = sourcecode.swift; path = AvatarApp.swift; sourceTree = "<group>"; };
		CBFBA66AF626E08F10F1333C /* Compositor.swift */ = {isa = PBXFileReference; lastKnownFileType = sourcecode.swift; path = Compositor.swift; sourceTree = "<group>"; };
		EA293E7F1CF952594B0EB25E /* UpdateManager.swift */ = {isa = PBXFileReference; lastKnownFileType = sourcecode.swift; path = UpdateManager.swift; sourceTree = "<group>"; };
		EC7660BC4B678CC5A24BDEB7 /* SettingsView.swift */ = {isa = PBXFileReference; lastKnownFileType = sourcecode.swift; path = SettingsView.swift; sourceTree = "<group>"; };
		EECE2EA74BCD5AA894A3864C /* AutoAligner.swift */ = {isa = PBXFileReference; lastKnownFileType = sourcecode.swift; path = AutoAligner.swift; sourceTree = "<group>"; };
		F2B1C3A5D25B8EA4299A5A39 /* ImportDropZone.swift */ = {isa = PBXFileReference; lastKnownFileType = sourcecode.swift; path = ImportDropZone.swift; sourceTree = "<group>"; };
		FA1FE0D21D63DDB8E786DDDF /* SeedData.swift */ = {isa = PBXFileReference; lastKnownFileType = sourcecode.swift; path = SeedData.swift; sourceTree = "<group>"; };
		FB7ECB473A580210DC4D2672 /* Avatar.app */ = {isa = PBXFileReference; explicitFileType = wrapper.application; includeInIndex = 0; path = Avatar.app; sourceTree = BUILT_PRODUCTS_DIR; };
/* End PBXFileReference section */

/* Begin PBXFrameworksBuildPhase section */
		3611726D18A40CE7982999EA /* Frameworks */ = {
			isa = PBXFrameworksBuildPhase;
			buildActionMask = 2147483647;
			files = (
				BCB144F53A50F7E154817D1C /* Sparkle in Frameworks */,
			);
			runOnlyForDeploymentPostprocessing = 0;
		};
/* End PBXFrameworksBuildPhase section */

/* Begin PBXGroup section */
		50DCF305A7684CEB872E8E63 /* Services */ = {
			isa = PBXGroup;
			children = (
				5127F7FAC6DD92487E178E76 /* AppState.swift */,
				EECE2EA74BCD5AA894A3864C /* AutoAligner.swift */,
				81C29944A4F31F74C9CD6F54 /* BulkAligner.swift */,
				CBFBA66AF626E08F10F1333C /* Compositor.swift */,
				A67F34619015B892E51F8BA0 /* ExportService.swift */,
				8024D84C778A83045FEA287D /* ImageAdjustments.swift */,
				A09E65B08B3DB5530D416B59 /* ImageProcessor.swift */,
				B313E53EBD6AC732524D4690 /* ImportFlow.swift */,
				349CA2BF8E0D0316D4C6EC9F /* Localization.swift */,
				355D09CA2450C106801EAD77 /* ModelManager.swift */,
				7194822E14F9864C38869D98 /* PortraitUndoManager.swift */,
				FA1FE0D21D63DDB8E786DDDF /* SeedData.swift */,
				EA293E7F1CF952594B0EB25E /* UpdateManager.swift */,
			);
			path = Services;
			sourceTree = "<group>";
		};
		71DFDB8CC0E43797D477452F /* Avatar */ = {
			isa = PBXGroup;
			children = (
				68ED8B66E0CC1A6CA182DCCB /* Assets.xcassets */,
				C61EA8ABE1B5D7EDE1478FCF /* AvatarApp.swift */,
				C891EAFDEB4CC92E895D9081 /* Models */,
				C73BD04D2D6AD13538A4D3E3 /* Resources */,
				50DCF305A7684CEB872E8E63 /* Services */,
				E2C4AFE19D88C3D78C93976E /* Views */,
			);
			path = Avatar;
			sourceTree = "<group>";
		};
		7BE0948B8680DB6BA122634A /* Products */ = {
			isa = PBXGroup;
			children = (
				FB7ECB473A580210DC4D2672 /* Avatar.app */,
			);
			name = Products;
			sourceTree = "<group>";
		};
		AA5FB63F3F50F7DA1D7BBCD3 = {
			isa = PBXGroup;
			children = (
				71DFDB8CC0E43797D477452F /* Avatar */,
				7BE0948B8680DB6BA122634A /* Products */,
			);
			sourceTree = "<group>";
		};
		C73BD04D2D6AD13538A4D3E3 /* Resources */ = {
			isa = PBXGroup;
			children = (
				9D18F070EDD3795562BD0ADC /* DefaultBackground.png */,
			);
			path = Resources;
			sourceTree = "<group>";
		};
		C891EAFDEB4CC92E895D9081 /* Models */ = {
			isa = PBXGroup;
			children = (
				BBCB0455D6E65138F7848400 /* BackgroundPreset.swift */,
				97E1236EB27F5CE8A83B67DF /* ExportPreset.swift */,
				A781DB69220F07CD4C7450BC /* Portrait.swift */,
			);
			path = Models;
			sourceTree = "<group>";
		};
		E2C4AFE19D88C3D78C93976E /* Views */ = {
			isa = PBXGroup;
			children = (
				7A86EE5462E82319D323AF1C /* EditorView.swift */,
				BF5D10603D8C4CBCEBF63691 /* ExportSheet.swift */,
				F2B1C3A5D25B8EA4299A5A39 /* ImportDropZone.swift */,
				48EF633AE84A1D2EF9412998 /* LibraryView.swift */,
				877D5A42F98746FCC7A61452 /* MainWindow.swift */,
				EC7660BC4B678CC5A24BDEB7 /* SettingsView.swift */,
				33D997F6414EDD2CF3ED01B3 /* SidebarUpdateCard.swift */,
			);
			path = Views;
			sourceTree = "<group>";
		};
/* End PBXGroup section */

/* Begin PBXNativeTarget section */
		AFCA11CCEB86A285714926DA /* Avatar */ = {
			isa = PBXNativeTarget;
			buildConfigurationList = 61D0BEC5B2799781E1BC9231 /* Build configuration list for PBXNativeTarget "Avatar" */;
			buildPhases = (
				C771512F8370F1DF2BE801D6 /* Sources */,
				0FDEAB3C2C76342E04B97362 /* Resources */,
				3611726D18A40CE7982999EA /* Frameworks */,
			);
			buildRules = (
			);
			dependencies = (
			);
			name = Avatar;
			packageProductDependencies = (
				24422B485569134EE9164799 /* Sparkle */,
			);
			productName = Avatar;
			productReference = FB7ECB473A580210DC4D2672 /* Avatar.app */;
			productType = "com.apple.product-type.application";
		};
/* End PBXNativeTarget section */

/* Begin PBXProject section */
		AB54389917B9F2BD788AD1AD /* Project object */ = {
			isa = PBXProject;
			attributes = {
				BuildIndependentTargetsInParallel = YES;
				LastUpgradeCheck = 1430;
				TargetAttributes = {
					AFCA11CCEB86A285714926DA = {
						DevelopmentTeam = 5J92MMGKTX;
						ProvisioningStyle = Automatic;
					};
				};
			};
			buildConfigurationList = F5DFA2253388A3B9C16F2C5A /* Build configuration list for PBXProject "Avatar" */;
			developmentRegion = en;
			hasScannedForEncodings = 0;
			knownRegions = (
				Base,
				en,
			);
			mainGroup = AA5FB63F3F50F7DA1D7BBCD3;
			minimizedProjectReferenceProxies = 1;
			packageReferences = (
				C8563EE8B7639A0683C1B596 /* XCRemoteSwiftPackageReference "Sparkle" */,
			);
			preferredProjectObjectVersion = 77;
			productRefGroup = 7BE0948B8680DB6BA122634A /* Products */;
			projectDirPath = "";
			projectRoot = "";
			targets = (
				AFCA11CCEB86A285714926DA /* Avatar */,
			);
		};
/* End PBXProject section */

/* Begin PBXResourcesBuildPhase section */
		0FDEAB3C2C76342E04B97362 /* Resources */ = {
			isa = PBXResourcesBuildPhase;
			buildActionMask = 2147483647;
			files = (
				DCD584C8769017840D8AC9CB /* Assets.xcassets in Resources */,
				1B549F5BAEF2A701E1947D8D /* DefaultBackground.png in Resources */,
			);
			runOnlyForDeploymentPostprocessing = 0;
		};
/* End PBXResourcesBuildPhase section */

/* Begin PBXSourcesBuildPhase section */
		C771512F8370F1DF2BE801D6 /* Sources */ = {
			isa = PBXSourcesBuildPhase;
			buildActionMask = 2147483647;
			files = (
				B03C58275150A57C7CAE9B41 /* AppState.swift in Sources */,
				B7BE94756631FED1390881A5 /* AutoAligner.swift in Sources */,
				CCDA297FDC7DB266C5C99205 /* AvatarApp.swift in Sources */,
				89C89D347949E200275051E3 /* BackgroundPreset.swift in Sources */,
				AEB460C0337997C6FA65993A /* BulkAligner.swift in Sources */,
				E8AF2A53C52B50C4453C65B2 /* Compositor.swift in Sources */,
				22F331DA021385FF381B6BEA /* EditorView.swift in Sources */,
				F0D56262FE85216D1648099E /* ExportPreset.swift in Sources */,
				9CDEBB9401C040885B7B35B8 /* ExportService.swift in Sources */,
				16F9AC78F685F11C91A31369 /* ExportSheet.swift in Sources */,
				6B544FC0626AD4CC467ECC79 /* ImageAdjustments.swift in Sources */,
				170942BEC19C7093EBEA2F63 /* ImageProcessor.swift in Sources */,
				B7EDC4EF58F5F0EDBAE8E873 /* ImportDropZone.swift in Sources */,
				605465E10F824BC86E259CC6 /* ImportFlow.swift in Sources */,
				A6AB056EC5348AFDA387F49E /* LibraryView.swift in Sources */,
				D43723746F3532F825382CAB /* Localization.swift in Sources */,
				58C7C65381A278B69B016DDB /* MainWindow.swift in Sources */,
				2CC00BB877BB10A664982FB7 /* ModelManager.swift in Sources */,
				93DE69BFD660664855889F69 /* Portrait.swift in Sources */,
				EBE90C07C35BAA7F586C5E6D /* PortraitUndoManager.swift in Sources */,
				D4851113A8AB34D81F2CE4EE /* SeedData.swift in Sources */,
				C944B1F772FD3DFE3305D6C8 /* SettingsView.swift in Sources */,
				EDCEBBF69658512E9483D13B /* SidebarUpdateCard.swift in Sources */,
				EAA5F4DF5638ED9457ED418F /* UpdateManager.swift in Sources */,
			);
			runOnlyForDeploymentPostprocessing = 0;
		};
/* End PBXSourcesBuildPhase section */

/* Begin XCBuildConfiguration section */
		54767F14B95665D0DE5A1178 /* Release */ = {
			isa = XCBuildConfiguration;
			buildSettings = {
				ALWAYS_SEARCH_USER_PATHS = NO;
				CLANG_ANALYZER_NONNULL = YES;
				CLANG_ANALYZER_NUMBER_OBJECT_CONVERSION = YES_AGGRESSIVE;
				CLANG_CXX_LANGUAGE_STANDARD = "gnu++14";
				CLANG_CXX_LIBRARY = "libc++";
				CLANG_ENABLE_MODULES = YES;
				CLANG_ENABLE_OBJC_ARC = YES;
				CLANG_ENABLE_OBJC_WEAK = YES;
				CLANG_WARN_BLOCK_CAPTURE_AUTORELEASING = YES;
				CLANG_WARN_BOOL_CONVERSION = YES;
				CLANG_WARN_COMMA = YES;
				CLANG_WARN_CONSTANT_CONVERSION = YES;
				CLANG_WARN_DEPRECATED_OBJC_IMPLEMENTATIONS = YES;
				CLANG_WARN_DIRECT_OBJC_ISA_USAGE = YES_ERROR;
				CLANG_WARN_DOCUMENTATION_COMMENTS = YES;
				CLANG_WARN_EMPTY_BODY = YES;
				CLANG_WARN_ENUM_CONVERSION = YES;
				CLANG_WARN_INFINITE_RECURSION = YES;
				CLANG_WARN_INT_CONVERSION = YES;
				CLANG_WARN_NON_LITERAL_NULL_CONVERSION = YES;
				CLANG_WARN_OBJC_IMPLICIT_RETAIN_SELF = YES;
				CLANG_WARN_OBJC_LITERAL_CONVERSION = YES;
				CLANG_WARN_OBJC_ROOT_CLASS = YES_ERROR;
				CLANG_WARN_QUOTED_INCLUDE_IN_FRAMEWORK_HEADER = YES;
				CLANG_WARN_RANGE_LOOP_ANALYSIS = YES;
				CLANG_WARN_STRICT_PROTOTYPES = YES;
				CLANG_WARN_SUSPICIOUS_MOVE = YES;
				CLANG_WARN_UNGUARDED_AVAILABILITY = YES_AGGRESSIVE;
				CLANG_WARN_UNREACHABLE_CODE = YES;
				CLANG_WARN__DUPLICATE_METHOD_MATCH = YES;
				CODE_SIGN_IDENTITY = "Apple Development";
				CODE_SIGN_STYLE = Automatic;
				COPY_PHASE_STRIP = NO;
				CURRENT_PROJECT_VERSION = 1;
				DEBUG_INFORMATION_FORMAT = "dwarf-with-dsym";
				DEVELOPMENT_TEAM = 5J92MMGKTX;
				ENABLE_HARDENED_RUNTIME = YES;
				ENABLE_NS_ASSERTIONS = NO;
				ENABLE_STRICT_OBJC_MSGSEND = YES;
				GCC_C_LANGUAGE_STANDARD = gnu11;
				GCC_NO_COMMON_BLOCKS = YES;
				GCC_WARN_64_TO_32_BIT_CONVERSION = YES;
				GCC_WARN_ABOUT_RETURN_TYPE = YES_ERROR;
				GCC_WARN_UNDECLARED_SELECTOR = YES;
				GCC_WARN_UNINITIALIZED_AUTOS = YES_AGGRESSIVE;
				GCC_WARN_UNUSED_FUNCTION = YES;
				GCC_WARN_UNUSED_VARIABLE = YES;
				MACOSX_DEPLOYMENT_TARGET = 14.0;
				MARKETING_VERSION = 1.0;
				MTL_ENABLE_DEBUG_INFO = NO;
				MTL_FAST_MATH = YES;
				PRODUCT_NAME = "$(TARGET_NAME)";
				SDKROOT = macosx;
				SWIFT_COMPILATION_MODE = wholemodule;
				SWIFT_OPTIMIZATION_LEVEL = "-O";
				SWIFT_VERSION = 5.10;
			};
			name = Release;
		};
		9A06AF0E3745731244E5E5D0 /* Release */ = {
			isa = XCBuildConfiguration;
			buildSettings = {
				ASSETCATALOG_COMPILER_APPICON_NAME = AppIcon;
				ASSETCATALOG_COMPILER_GLOBAL_ACCENT_COLOR_NAME = AccentColor;
				CODE_SIGN_ENTITLEMENTS = Avatar/Avatar.entitlements;
				COMBINE_HIDPI_IMAGES = YES;
				ENABLE_PREVIEWS = YES;
				INFOPLIST_FILE = Avatar/Info.plist;
				LD_RUNPATH_SEARCH_PATHS = (
					"$(inherited)",
					"@executable_path/../Frameworks",
				);
				MACOSX_DEPLOYMENT_TARGET = 14.0;
				PRODUCT_BUNDLE_IDENTIFIER = nl.avatar.app;
				PRODUCT_NAME = Avatar;
				SDKROOT = macosx;
			};
			name = Release;
		};
		EE4CC45680447F846D7FFF80 /* Debug */ = {
			isa = XCBuildConfiguration;
			buildSettings = {
				ASSETCATALOG_COMPILER_APPICON_NAME = AppIcon;
				ASSETCATALOG_COMPILER_GLOBAL_ACCENT_COLOR_NAME = AccentColor;
				CODE_SIGN_ENTITLEMENTS = Avatar/Avatar.entitlements;
				COMBINE_HIDPI_IMAGES = YES;
				ENABLE_PREVIEWS = YES;
				INFOPLIST_FILE = Avatar/Info.plist;
				LD_RUNPATH_SEARCH_PATHS = (
					"$(inherited)",
					"@executable_path/../Frameworks",
				);
				MACOSX_DEPLOYMENT_TARGET = 14.0;
				PRODUCT_BUNDLE_IDENTIFIER = nl.avatar.app;
				PRODUCT_NAME = Avatar;
				SDKROOT = macosx;
			};
			name = Debug;
		};
		F3B87FB8E33E4FAB2D06750A /* Debug */ = {
			isa = XCBuildConfiguration;
			buildSettings = {
				ALWAYS_SEARCH_USER_PATHS = NO;
				CLANG_ANALYZER_NONNULL = YES;
				CLANG_ANALYZER_NUMBER_OBJECT_CONVERSION = YES_AGGRESSIVE;
				CLANG_CXX_LANGUAGE_STANDARD = "gnu++14";
				CLANG_CXX_LIBRARY = "libc++";
				CLANG_ENABLE_MODULES = YES;
				CLANG_ENABLE_OBJC_ARC = YES;
				CLANG_ENABLE_OBJC_WEAK = YES;
				CLANG_WARN_BLOCK_CAPTURE_AUTORELEASING = YES;
				CLANG_WARN_BOOL_CONVERSION = YES;
				CLANG_WARN_COMMA = YES;
				CLANG_WARN_CONSTANT_CONVERSION = YES;
				CLANG_WARN_DEPRECATED_OBJC_IMPLEMENTATIONS = YES;
				CLANG_WARN_DIRECT_OBJC_ISA_USAGE = YES_ERROR;
				CLANG_WARN_DOCUMENTATION_COMMENTS = YES;
				CLANG_WARN_EMPTY_BODY = YES;
				CLANG_WARN_ENUM_CONVERSION = YES;
				CLANG_WARN_INFINITE_RECURSION = YES;
				CLANG_WARN_INT_CONVERSION = YES;
				CLANG_WARN_NON_LITERAL_NULL_CONVERSION = YES;
				CLANG_WARN_OBJC_IMPLICIT_RETAIN_SELF = YES;
				CLANG_WARN_OBJC_LITERAL_CONVERSION = YES;
				CLANG_WARN_OBJC_ROOT_CLASS = YES_ERROR;
				CLANG_WARN_QUOTED_INCLUDE_IN_FRAMEWORK_HEADER = YES;
				CLANG_WARN_RANGE_LOOP_ANALYSIS = YES;
				CLANG_WARN_STRICT_PROTOTYPES = YES;
				CLANG_WARN_SUSPICIOUS_MOVE = YES;
				CLANG_WARN_UNGUARDED_AVAILABILITY = YES_AGGRESSIVE;
				CLANG_WARN_UNREACHABLE_CODE = YES;
				CLANG_WARN__DUPLICATE_METHOD_MATCH = YES;
				CODE_SIGN_IDENTITY = "Apple Development";
				CODE_SIGN_STYLE = Automatic;
				COPY_PHASE_STRIP = NO;
				CURRENT_PROJECT_VERSION = 1;
				DEBUG_INFORMATION_FORMAT = dwarf;
				DEVELOPMENT_TEAM = 5J92MMGKTX;
				ENABLE_HARDENED_RUNTIME = YES;
				ENABLE_STRICT_OBJC_MSGSEND = YES;
				ENABLE_TESTABILITY = YES;
				GCC_C_LANGUAGE_STANDARD = gnu11;
				GCC_DYNAMIC_NO_PIC = NO;
				GCC_NO_COMMON_BLOCKS = YES;
				GCC_OPTIMIZATION_LEVEL = 0;
				GCC_PREPROCESSOR_DEFINITIONS = (
					"$(inherited)",
					"DEBUG=1",
				);
				GCC_WARN_64_TO_32_BIT_CONVERSION = YES;
				GCC_WARN_ABOUT_RETURN_TYPE = YES_ERROR;
				GCC_WARN_UNDECLARED_SELECTOR = YES;
				GCC_WARN_UNINITIALIZED_AUTOS = YES_AGGRESSIVE;
				GCC_WARN_UNUSED_FUNCTION = YES;
				GCC_WARN_UNUSED_VARIABLE = YES;
				MACOSX_DEPLOYMENT_TARGET = 14.0;
				MARKETING_VERSION = 1.0;
				MTL_ENABLE_DEBUG_INFO = INCLUDE_SOURCE;
				MTL_FAST_MATH = YES;
				ONLY_ACTIVE_ARCH = YES;
				PRODUCT_NAME = "$(TARGET_NAME)";
				SDKROOT = macosx;
				SWIFT_ACTIVE_COMPILATION_CONDITIONS = DEBUG;
				SWIFT_OPTIMIZATION_LEVEL = "-Onone";
				SWIFT_VERSION = 5.10;
			};
			name = Debug;
		};
/* End XCBuildConfiguration section */

/* Begin XCConfigurationList section */
		61D0BEC5B2799781E1BC9231 /* Build configuration list for PBXNativeTarget "Avatar" */ = {
			isa = XCConfigurationList;
			buildConfigurations = (
				EE4CC45680447F846D7FFF80 /* Debug */,
				9A06AF0E3745731244E5E5D0 /* Release */,
			);
			defaultConfigurationIsVisible = 0;
			defaultConfigurationName = Debug;
		};
		F5DFA2253388A3B9C16F2C5A /* Build configuration list for PBXProject "Avatar" */ = {
			isa = XCConfigurationList;
			buildConfigurations = (
				F3B87FB8E33E4FAB2D06750A /* Debug */,
				54767F14B95665D0DE5A1178 /* Release */,
			);
			defaultConfigurationIsVisible = 0;
			defaultConfigurationName = Debug;
		};
/* End XCConfigurationList section */

/* Begin XCRemoteSwiftPackageReference section */
		C8563EE8B7639A0683C1B596 /* XCRemoteSwiftPackageReference "Sparkle" */ = {
			isa = XCRemoteSwiftPackageReference;
			repositoryURL = "https://github.com/sparkle-project/Sparkle";
			requirement = {
				kind = upToNextMajorVersion;
				minimumVersion = 2.6.0;
			};
		};
/* End XCRemoteSwiftPackageReference section */

/* Begin XCSwiftPackageProductDependency section */
		24422B485569134EE9164799 /* Sparkle */ = {
			isa = XCSwiftPackageProductDependency;
			package = C8563EE8B7639A0683C1B596 /* XCRemoteSwiftPackageReference "Sparkle" */;
			productName = Sparkle;
		};
/* End XCSwiftPackageProductDependency section */
	};
	rootObject = AB54389917B9F2BD788AD1AD /* Project object */;
}
